// !$*UTF8*$!
{
	archiveVersion = 1;
	classes = {
	};
	objectVersion = 48;
	objects = {

/* Begin PBXBuildFile section */
		152ED6B61F51126B004FC21C /* AppDelegate.swift in Sources */ = {isa = PBXBuildFile; fileRef = 152ED6B51F51126B004FC21C /* AppDelegate.swift */; };
		152ED6B81F51126B004FC21C /* ViewController.swift in Sources */ = {isa = PBXBuildFile; fileRef = 152ED6B71F51126B004FC21C /* ViewController.swift */; };
		152ED6BB1F51126B004FC21C /* Main.storyboard in Resources */ = {isa = PBXBuildFile; fileRef = 152ED6B91F51126B004FC21C /* Main.storyboard */; };
		152ED6BD1F51126B004FC21C /* Assets.xcassets in Resources */ = {isa = PBXBuildFile; fileRef = 152ED6BC1F51126B004FC21C /* Assets.xcassets */; };
		152ED6C01F51126B004FC21C /* LaunchScreen.storyboard in Resources */ = {isa = PBXBuildFile; fileRef = 152ED6BE1F51126B004FC21C /* LaunchScreen.storyboard */; };
		152ED6C81F5112BF004FC21C /* DemoDelegate.swift in Sources */ = {isa = PBXBuildFile; fileRef = 152ED6C71F5112BF004FC21C /* DemoDelegate.swift */; };
		152ED6CA1F5112DF004FC21C /* manInChuDatasource.swift in Sources */ = {isa = PBXBuildFile; fileRef = 152ED6C91F5112DF004FC21C /* manInChuDatasource.swift */; };
		152ED6CC1F5112FF004FC21C /* manInSoDataSource.swift in Sources */ = {isa = PBXBuildFile; fileRef = 152ED6CB1F5112FF004FC21C /* manInSoDataSource.swift */; };
		152ED6CE1F511422004FC21C /* CustomCell.swift in Sources */ = {isa = PBXBuildFile; fileRef = 152ED6CD1F511422004FC21C /* CustomCell.swift */; };
		152ED6D21F511B47004FC21C /* manInSoDelegate.swift in Sources */ = {isa = PBXBuildFile; fileRef = 152ED6D11F511B47004FC21C /* manInSoDelegate.swift */; };
		152ED6D41F511EA5004FC21C /* manInChuDelegate.swift in Sources */ = {isa = PBXBuildFile; fileRef = 152ED6D31F511EA5004FC21C /* manInChuDelegate.swift */; };
/* End PBXBuildFile section */

/* Begin PBXFileReference section */
		152ED6B21F51126B004FC21C /* switch.app */ = {isa = PBXFileReference; explicitFileType = wrapper.application; includeInIndex = 0; path = switch.app; sourceTree = BUILT_PRODUCTS_DIR; };
		152ED6B51F51126B004FC21C /* AppDelegate.swift */ = {isa = PBXFileReference; lastKnownFileType = sourcecode.swift; path = AppDelegate.swift; sourceTree = "<group>"; };
		152ED6B71F51126B004FC21C /* ViewController.swift */ = {isa = PBXFileReference; lastKnownFileType = sourcecode.swift; path = ViewController.swift; sourceTree = "<group>"; };
		152ED6BA1F51126B004FC21C /* Base */ = {isa = PBXFileReference; lastKnownFileType = file.storyboard; name = Base; path = Base.lproj/Main.storyboard; sourceTree = "<group>"; };
		152ED6BC1F51126B004FC21C /* Assets.xcassets */ = {isa = PBXFileReference; lastKnownFileType = folder.assetcatalog; path = Assets.xcassets; sourceTree = "<group>"; };
		152ED6BF1F51126B004FC21C /* Base */ = {isa = PBXFileReference; lastKnownFileType = file.storyboard; name = Base; path = Base.lproj/LaunchScreen.storyboard; sourceTree = "<group>"; };
		152ED6C11F51126B004FC21C /* Info.plist */ = {isa = PBXFileReference; lastKnownFileType = text.plist.xml; path = Info.plist; sourceTree = "<group>"; };
		152ED6C71F5112BF004FC21C /* DemoDelegate.swift */ = {isa = PBXFileReference; lastKnownFileType = sourcecode.swift; path = DemoDelegate.swift; sourceTree = "<group>"; };
		152ED6C91F5112DF004FC21C /* manInChuDatasource.swift */ = {isa = PBXFileReference; lastKnownFileType = sourcecode.swift; path = manInChuDatasource.swift; sourceTree = "<group>"; };
		152ED6CB1F5112FF004FC21C /* manInSoDataSource.swift */ = {isa = PBXFileReference; lastKnownFileType = sourcecode.swift; path = manInSoDataSource.swift; sourceTree = "<group>"; };
		152ED6CD1F511422004FC21C /* CustomCell.swift */ = {isa = PBXFileReference; lastKnownFileType = sourcecode.swift; path = CustomCell.swift; sourceTree = "<group>"; };
		152ED6D11F511B47004FC21C /* manInSoDelegate.swift */ = {isa = PBXFileReference; lastKnownFileType = sourcecode.swift; path = manInSoDelegate.swift; sourceTree = "<group>"; };
		152ED6D31F511EA5004FC21C /* manInChuDelegate.swift */ = {isa = PBXFileReference; lastKnownFileType = sourcecode.swift; path = manInChuDelegate.swift; sourceTree = "<group>"; };
/* End PBXFileReference section */

/* Begin PBXFrameworksBuildPhase section */
		152ED6AF1F51126B004FC21C /* Frameworks */ = {
			isa = PBXFrameworksBuildPhase;
			buildActionMask = 2147483647;
			files = (
			);
			runOnlyForDeploymentPostprocessing = 0;
		};
/* End PBXFrameworksBuildPhase section */

/* Begin PBXGroup section */
		152ED6A91F51126B004FC21C = {
			isa = PBXGroup;
			children = (
				152ED6B41F51126B004FC21C /* switch */,
				152ED6B31F51126B004FC21C /* Products */,
			);
			sourceTree = "<group>";
		};
		152ED6B31F51126B004FC21C /* Products */ = {
			isa = PBXGroup;
			children = (
				152ED6B21F51126B004FC21C /* switch.app */,
			);
			name = Products;
			sourceTree = "<group>";
		};
		152ED6B41F51126B004FC21C /* switch */ = {
			isa = PBXGroup;
			children = (
				152ED6B51F51126B004FC21C /* AppDelegate.swift */,
				152ED6B71F51126B004FC21C /* ViewController.swift */,
				152ED6B91F51126B004FC21C /* Main.storyboard */,
				152ED6CD1F511422004FC21C /* CustomCell.swift */,
				152ED6BC1F51126B004FC21C /* Assets.xcassets */,
				152ED6BE1F51126B004FC21C /* LaunchScreen.storyboard */,
				152ED6C11F51126B004FC21C /* Info.plist */,
				152ED6C71F5112BF004FC21C /* DemoDelegate.swift */,
				152ED6C91F5112DF004FC21C /* manInChuDatasource.swift */,
				152ED6D31F511EA5004FC21C /* manInChuDelegate.swift */,
				152ED6CB1F5112FF004FC21C /* manInSoDataSource.swift */,
				152ED6D11F511B47004FC21C /* manInSoDelegate.swift */,
			);
			path = switch;
			sourceTree = "<group>";
		};
/* End PBXGroup section */

/* Begin PBXNativeTarget section */
		152ED6B11F51126B004FC21C /* switch */ = {
			isa = PBXNativeTarget;
			buildConfigurationList = 152ED6C41F51126B004FC21C /* Build configuration list for PBXNativeTarget "switch" */;
			buildPhases = (
				152ED6AE1F51126B004FC21C /* Sources */,
				152ED6AF1F51126B004FC21C /* Frameworks */,
				152ED6B01F51126B004FC21C /* Resources */,
			);
			buildRules = (
			);
			dependencies = (
			);
			name = switch;
			productName = switch;
			productReference = 152ED6B21F51126B004FC21C /* switch.app */;
			productType = "com.apple.product-type.application";
		};
/* End PBXNativeTarget section */

/* Begin PBXProject section */
		152ED6AA1F51126B004FC21C /* Project object */ = {
			isa = PBXProject;
			attributes = {
				LastSwiftUpdateCheck = 0900;
				LastUpgradeCheck = 0900;
				ORGANIZATIONNAME = thang;
				TargetAttributes = {
					152ED6B11F51126B004FC21C = {
						CreatedOnToolsVersion = 9.0;
					};
				};
			};
			buildConfigurationList = 152ED6AD1F51126B004FC21C /* Build configuration list for PBXProject "switch" */;
			compatibilityVersion = "Xcode 8.0";
			developmentRegion = en;
			hasScannedForEncodings = 0;
			knownRegions = (
				en,
				Base,
			);
			mainGroup = 152ED6A91F51126B004FC21C;
			productRefGroup = 152ED6B31F51126B004FC21C /* Products */;
			projectDirPath = "";
			projectRoot = "";
			targets = (
				152ED6B11F51126B004FC21C /* switch */,
			);
		};
/* End PBXProject section */

/* Begin PBXResourcesBuildPhase section */
		152ED6B01F51126B004FC21C /* Resources */ = {
			isa = PBXResourcesBuildPhase;
			buildActionMask = 2147483647;
			files = (
				152ED6C01F51126B004FC21C /* LaunchScreen.storyboard in Resources */,
				152ED6BD1F51126B004FC21C /* Assets.xcassets in Resources */,
				152ED6BB1F51126B004FC21C /* Main.storyboard in Resources */,
			);
			runOnlyForDeploymentPostprocessing = 0;
		};
/* End PBXResourcesBuildPhase section */

/* Begin PBXSourcesBuildPhase section */
		152ED6AE1F51126B004FC21C /* Sources */ = {
			isa = PBXSourcesBuildPhase;
			buildActionMask = 2147483647;
			files = (
				152ED6CA1F5112DF004FC21C /* manInChuDatasource.swift in Sources */,
				152ED6B81F51126B004FC21C /* ViewController.swift in Sources */,
				152ED6CC1F5112FF004FC21C /* manInSoDataSource.swift in Sources */,
				152ED6D21F511B47004FC21C /* manInSoDelegate.swift in Sources */,
				152ED6C81F5112BF004FC21C /* DemoDelegate.swift in Sources */,
				152ED6D41F511EA5004FC21C /* manInChuDelegate.swift in Sources */,
				152ED6CE1F511422004FC21C /* CustomCell.swift in Sources */,
				152ED6B61F51126B004FC21C /* AppDelegate.swift in Sources */,
			);
			runOnlyForDeploymentPostprocessing = 0;
		};
/* End PBXSourcesBuildPhase section */

/* Begin PBXVariantGroup section */
		152ED6B91F51126B004FC21C /* Main.storyboard */ = {
			isa = PBXVariantGroup;
			children = (
				152ED6BA1F51126B004FC21C /* Base */,
			);
			name = Main.storyboard;
			sourceTree = "<group>";
		};
		152ED6BE1F51126B004FC21C /* LaunchScreen.storyboard */ = {
			isa = PBXVariantGroup;
			children = (
				152ED6BF1F51126B004FC21C /* Base */,
			);
			name = LaunchScreen.storyboard;
			sourceTree = "<group>";
		};
/* End PBXVariantGroup section */

/* Begin XCBuildConfiguration section */
		152ED6C21F51126B004FC21C /* Debug */ = {
			isa = XCBuildConfiguration;
			buildSettings = {
				ALWAYS_SEARCH_USER_PATHS = NO;
				CLANG_ANALYZER_NONNULL = YES;
				CLANG_ANALYZER_NUMBER_OBJECT_CONVERSION = YES_AGGRESSIVE;
				CLANG_CXX_LANGUAGE_STANDARD = "gnu++14";
				CLANG_CXX_LIBRARY = "libc++";
				CLANG_ENABLE_MODULES = YES;
				CLANG_ENABLE_OBJC_ARC = YES;
				CLANG_WARN_BLOCK_CAPTURE_AUTORELEASING = YES;
				CLANG_WARN_BOOL_CONVERSION = YES;
				CLANG_WARN_COMMA = YES;
				CLANG_WARN_CONSTANT_CONVERSION = YES;
				CLANG_WARN_DIRECT_OBJC_ISA_USAGE = YES_ERROR;
				CLANG_WARN_DOCUMENTATION_COMMENTS = YES;
				CLANG_WARN_EMPTY_BODY = YES;
				CLANG_WARN_ENUM_CONVERSION = YES;
				CLANG_WARN_INFINITE_RECURSION = YES;
				CLANG_WARN_INT_CONVERSION = YES;
				CLANG_WARN_NON_LITERAL_NULL_CONVERSION = YES;
				CLANG_WARN_OBJC_LITERAL_CONVERSION = YES;
				CLANG_WARN_OBJC_ROOT_CLASS = YES_ERROR;
				CLANG_WARN_RANGE_LOOP_ANALYSIS = YES;
				CLANG_WARN_STRICT_PROTOTYPES = YES;
				CLANG_WARN_SUSPICIOUS_MOVE = YES;
				CLANG_WARN_UNGUARDED_AVAILABILITY = YES_AGGRESSIVE;
				CLANG_WARN_UNREACHABLE_CODE = YES;
				CLANG_WARN__DUPLICATE_METHOD_MATCH = YES;
				CODE_SIGN_IDENTITY = "iPhone Developer";
				COPY_PHASE_STRIP = NO;
				DEBUG_INFORMATION_FORMAT = dwarf;
				ENABLE_STRICT_OBJC_MSGSEND = YES;
				ENABLE_TESTABILITY = YES;
				GCC_C_LANGUAGE_STANDARD = gnu11;
				GCC_DYNAMIC_NO_PIC = NO;
				GCC_NO_COMMON_BLOCKS = YES;
				GCC_OPTIMIZATION_LEVEL = 0;
				GCC_PREPROCESSOR_DEFINITIONS = (
					"DEBUG=1",
					"$(inherited)",
				);
				GCC_WARN_64_TO_32_BIT_CONVERSION = YES;
				GCC_WARN_ABOUT_RETURN_TYPE = YES_ERROR;
				GCC_WARN_UNDECLARED_SELECTOR = YES;
				GCC_WARN_UNINITIALIZED_AUTOS = YES_AGGRESSIVE;
				GCC_WARN_UNUSED_FUNCTION = YES;
				GCC_WARN_UNUSED_VARIABLE = YES;
				IPHONEOS_DEPLOYMENT_TARGET = 11.0;
				MTL_ENABLE_DEBUG_INFO = YES;
				ONLY_ACTIVE_ARCH = YES;
				SDKROOT = iphoneos;
				SWIFT_ACTIVE_COMPILATION_CONDITIONS = DEBUG;
				SWIFT_OPTIMIZATION_LEVEL = "-Onone";
			};
			name = Debug;
		};
		152ED6C31F51126B004FC21C /* Release */ = {
			isa = XCBuildConfiguration;
			buildSettings = {
				ALWAYS_SEARCH_USER_PATHS = NO;
				CLANG_ANALYZER_NONNULL = YES;
				CLANG_ANALYZER_NUMBER_OBJECT_CONVERSION = YES_AGGRESSIVE;
				CLANG_CXX_LANGUAGE_STANDARD = "gnu++14";
				CLANG_CXX_LIBRARY = "libc++";
				CLANG_ENABLE_MODULES = YES;
				CLANG_ENABLE_OBJC_ARC = YES;
				CLANG_WARN_BLOCK_CAPTURE_AUTORELEASING = YES;
				CLANG_WARN_BOOL_CONVERSION = YES;
				CLANG_WARN_COMMA = YES;
				CLANG_WARN_CONSTANT_CONVERSION = YES;
				CLANG_WARN_DIRECT_OBJC_ISA_USAGE = YES_ERROR;
				CLANG_WARN_DOCUMENTATION_COMMENTS = YES;
				CLANG_WARN_EMPTY_BODY = YES;
				CLANG_WARN_ENUM_CONVERSION = YES;
				CLANG_WARN_INFINITE_RECURSION = YES;
				CLANG_WARN_INT_CONVERSION = YES;
				CLANG_WARN_NON_LITERAL_NULL_CONVERSION = YES;
				CLANG_WARN_OBJC_LITERAL_CONVERSION = YES;
				CLANG_WARN_OBJC_ROOT_CLASS = YES_ERROR;
				CLANG_WARN_RANGE_LOOP_ANALYSIS = YES;
				CLANG_WARN_STRICT_PROTOTYPES = YES;
				CLANG_WARN_SUSPICIOUS_MOVE = YES;
				CLANG_WARN_UNGUARDED_AVAILABILITY = YES_AGGRESSIVE;
				CLANG_WARN_UNREACHABLE_CODE = YES;
				CLANG_WARN__DUPLICATE_METHOD_MATCH = YES;
				CODE_SIGN_IDENTITY = "iPhone Developer";
				COPY_PHASE_STRIP = NO;
				DEBUG_INFORMATION_FORMAT = "dwarf-with-dsym";
				ENABLE_NS_ASSERTIONS = NO;
				ENABLE_STRICT_OBJC_MSGSEND = YES;
				GCC_C_LANGUAGE_STANDARD = gnu11;
				GCC_NO_COMMON_BLOCKS = YES;
				GCC_WARN_64_TO_32_BIT_CONVERSION = YES;
				GCC_WARN_ABOUT_RETURN_TYPE = YES_ERROR;
				GCC_WARN_UNDECLARED_SELECTOR = YES;
				GCC_WARN_UNINITIALIZED_AUTOS = YES_AGGRESSIVE;
				GCC_WARN_UNUSED_FUNCTION = YES;
				GCC_WARN_UNUSED_VARIABLE = YES;
				IPHONEOS_DEPLOYMENT_TARGET = 11.0;
				MTL_ENABLE_DEBUG_INFO = NO;
				SDKROOT = iphoneos;
				SWIFT_OPTIMIZATION_LEVEL = "-Owholemodule";
				VALIDATE_PRODUCT = YES;
			};
			name = Release;
		};
		152ED6C51F51126B004FC21C /* Debug */ = {
			isa = XCBuildConfiguration;
			buildSettings = {
				ASSETCATALOG_COMPILER_APPICON_NAME = AppIcon;
				INFOPLIST_FILE = switch/Info.plist;
				LD_RUNPATH_SEARCH_PATHS = "$(inherited) @executable_path/Frameworks";
				PRODUCT_BUNDLE_IDENTIFIER = com.exemple.switch;
				PRODUCT_NAME = "$(TARGET_NAME)";
				SWIFT_VERSION = 4.0;
				TARGETED_DEVICE_FAMILY = "1,2";
			};
			name = Debug;
		};
		152ED6C61F51126B004FC21C /* Release */ = {
			isa = XCBuildConfiguration;
			buildSettings = {
				ASSETCATALOG_COMPILER_APPICON_NAME = AppIcon;
				INFOPLIST_FILE = switch/Info.plist;
				LD_RUNPATH_SEARCH_PATHS = "$(inherited) @executable_path/Frameworks";
				PRODUCT_BUNDLE_IDENTIFIER = com.exemple.switch;
				PRODUCT_NAME = "$(TARGET_NAME)";
				SWIFT_VERSION = 4.0;
				TARGETED_DEVICE_FAMILY = "1,2";
			};
			name = Release;
		};
/* End XCBuildConfiguration section */

/* Begin XCConfigurationList section */
		152ED6AD1F51126B004FC21C /* Build configuration list for PBXProject "switch" */ = {
			isa = XCConfigurationList;
			buildConfigurations = (
				152ED6C21F51126B004FC21C /* Debug */,
				152ED6C31F51126B004FC21C /* Release */,
			);
			defaultConfigurationIsVisible = 0;
			defaultConfigurationName = Release;
		};
		152ED6C41F51126B004FC21C /* Build configuration list for PBXNativeTarget "switch" */ = {
			isa = XCConfigurationList;
			buildConfigurations = (
				152ED6C51F51126B004FC21C /* Debug */,
				152ED6C61F51126B004FC21C /* Release */,
			);
			defaultConfigurationIsVisible = 0;
		};
/* End XCConfigurationList section */
	};
	rootObject = 152ED6AA1F51126B004FC21C /* Project object */;
}
